{
  "name": "scripts",
  "lockfileVersion": 2,
  "requires": true,
  "packages": {
    "": {
      "dependencies": {
        "chartist-plugin-legend": "^0.6.2"
      }
    },
    "node_modules/chartist-plugin-legend": {
      "version": "0.6.2",
      "resolved": "https://registry.npmjs.org/chartist-plugin-legend/-/chartist-plugin-legend-0.6.2.tgz",
      "integrity": "sha1-U78ncd3B3CiMirwWwVF4jwt1AkQ="
    }
  },
  "dependencies": {
    "chartist-plugin-legend": {
      "version": "0.6.2",
      "resolved": "https://registry.npmjs.org/chartist-plugin-legend/-/chartist-plugin-legend-0.6.2.tgz",
      "integrity": "sha1-U78ncd3B3CiMirwWwVF4jwt1AkQ="
    }
  }
}
